
Microsoft Visual Studio Solution File, Format Version 12.00
# Visual Studio 2013
VisualStudioVersion = 12.0.40629.0
MinimumVisualStudioVersion = 10.0.40219.1
Project("{FAE04EC0-301F-11D3-BF4B-00C04F79EFBC}") = "WebApp", "WebApp\WebApp.csproj", "{50EDAA84-8BF7-4803-B71B-785603203779}"
EndProject
Project("{FAE04EC0-301F-11D3-BF4B-00C04F79EFBC}") = "WebApp.Tests", "WebApp.Tests\WebApp.Tests.csproj", "{C781304A-9DE5-4DC9-A8FD-343B722A22EE}"
EndProject
Global
	GlobalSection(SolutionConfigurationPlatforms) = preSolution
		Debug|Any CPU = Debug|Any CPU
		Release|Any CPU = Release|Any CPU
	EndGlobalSection
	GlobalSection(ProjectConfigurationPlatforms) = postSolution
		{50EDAA84-8BF7-4803-B71B-785603203779}.Debug|Any CPU.ActiveCfg = Debug|Any CPU
		{50EDAA84-8BF7-4803-B71B-785603203779}.Debug|Any CPU.Build.0 = Debug|Any CPU
		{50EDAA84-8BF7-4803-B71B-785603203779}.Release|Any CPU.ActiveCfg = Release|Any CPU
		{50EDAA84-8BF7-4803-B71B-785603203779}.Release|Any CPU.Build.0 = Release|Any CPU
		{C781304A-9DE5-4DC9-A8FD-343B722A22EE}.Debug|Any CPU.ActiveCfg = Debug|Any CPU
		{C781304A-9DE5-4DC9-A8FD-343B722A22EE}.Debug|Any CPU.Build.0 = Debug|Any CPU
		{C781304A-9DE5-4DC9-A8FD-343B722A22EE}.Release|Any CPU.ActiveCfg = Release|Any CPU
		{C781304A-9DE5-4DC9-A8FD-343B722A22EE}.Release|Any CPU.Build.0 = Release|Any CPU
	EndGlobalSection
	GlobalSection(SolutionProperties) = preSolution
		HideSolutionNode = FALSE
	EndGlobalSection
EndGlobal
